
Microsoft Visual Studio Solution File, Format Version 12.00
# Visual Studio Version 17
VisualStudioVersion = 17.4.33213.308
MinimumVisualStudioVersion = 10.0.40219.1
Project("{FAE04EC0-301F-11D3-BF4B-00C04F79EFBC}") = "NumberNto1", "NumberNto1\NumberNto1.csproj", "{CA0DD66B-C681-41AF-9CB3-6074E6ED7263}"
EndProject
Global
	GlobalSection(SolutionConfigurationPlatforms) = preSolution
		Debug|Any CPU = Debug|Any CPU
		Release|Any CPU = Release|Any CPU
	EndGlobalSection
	GlobalSection(ProjectConfigurationPlatforms) = postSolution
		{CA0DD66B-C681-41AF-9CB3-6074E6ED7263}.Debug|Any CPU.ActiveCfg = Debug|Any CPU
		{CA0DD66B-C681-41AF-9CB3-6074E6ED7263}.Debug|Any CPU.Build.0 = Debug|Any CPU
		{CA0DD66B-C681-41AF-9CB3-6074E6ED7263}.Release|Any CPU.ActiveCfg = Release|Any CPU
		{CA0DD66B-C681-41AF-9CB3-6074E6ED7263}.Release|Any CPU.Build.0 = Release|Any CPU
	EndGlobalSection
	GlobalSection(SolutionProperties) = preSolution
		HideSolutionNode = FALSE
	EndGlobalSection
	GlobalSection(ExtensibilityGlobals) = postSolution
		SolutionGuid = {EE243C3E-08C5-44CB-A9E1-0AF493CE36C5}
	EndGlobalSection
EndGlobal
